
Microsoft Visual Studio Solution File, Format Version 12.00
# Visual Studio Version 17
VisualStudioVersion = 17.10.35013.160
MinimumVisualStudioVersion = 10.0.40219.1
Project("{FAE04EC0-301F-11D3-BF4B-00C04F79EFBC}") = "TimeOnlyI", "TimeOnly\TimeOnlyI.csproj", "{1E831F2B-D029-4910-A03F-EA35F159F006}"
EndProject
Project("{FAE04EC0-301F-11D3-BF4B-00C04F79EFBC}") = "TimeOnlyII", "TimeOnlyII\TimeOnlyII.csproj", "{4FDDD201-C9F1-49A7-8792-728D9FC8DE5B}"
EndProject
Project("{FAE04EC0-301F-11D3-BF4B-00C04F79EFBC}") = "TimeOnlyIII", "TimeOnlyIII\TimeOnlyIII.csproj", "{F1EBE69F-6A5A-47C2-B7BB-8705E06E489B}"
EndProject
Project("{FAE04EC0-301F-11D3-BF4B-00C04F79EFBC}") = "TimeOnlyIV", "TimeOnlyIV\TimeOnlyIV.csproj", "{148DD24D-C135-4554-8304-CC96074B4E34}"
EndProject
Global
	GlobalSection(SolutionConfigurationPlatforms) = preSolution
		Debug|Any CPU = Debug|Any CPU
		Release|Any CPU = Release|Any CPU
	EndGlobalSection
	GlobalSection(ProjectConfigurationPlatforms) = postSolution
		{1E831F2B-D029-4910-A03F-EA35F159F006}.Debug|Any CPU.ActiveCfg = Debug|Any CPU
		{1E831F2B-D029-4910-A03F-EA35F159F006}.Debug|Any CPU.Build.0 = Debug|Any CPU
		{1E831F2B-D029-4910-A03F-EA35F159F006}.Release|Any CPU.ActiveCfg = Release|Any CPU
		{1E831F2B-D029-4910-A03F-EA35F159F006}.Release|Any CPU.Build.0 = Release|Any CPU
		{4FDDD201-C9F1-49A7-8792-728D9FC8DE5B}.Debug|Any CPU.ActiveCfg = Debug|Any CPU
		{4FDDD201-C9F1-49A7-8792-728D9FC8DE5B}.Debug|Any CPU.Build.0 = Debug|Any CPU
		{4FDDD201-C9F1-49A7-8792-728D9FC8DE5B}.Release|Any CPU.ActiveCfg = Release|Any CPU
		{4FDDD201-C9F1-49A7-8792-728D9FC8DE5B}.Release|Any CPU.Build.0 = Release|Any CPU
		{F1EBE69F-6A5A-47C2-B7BB-8705E06E489B}.Debug|Any CPU.ActiveCfg = Debug|Any CPU
		{F1EBE69F-6A5A-47C2-B7BB-8705E06E489B}.Debug|Any CPU.Build.0 = Debug|Any CPU
		{F1EBE69F-6A5A-47C2-B7BB-8705E06E489B}.Release|Any CPU.ActiveCfg = Release|Any CPU
		{F1EBE69F-6A5A-47C2-B7BB-8705E06E489B}.Release|Any CPU.Build.0 = Release|Any CPU
		{148DD24D-C135-4554-8304-CC96074B4E34}.Debug|Any CPU.ActiveCfg = Debug|Any CPU
		{148DD24D-C135-4554-8304-CC96074B4E34}.Debug|Any CPU.Build.0 = Debug|Any CPU
		{148DD24D-C135-4554-8304-CC96074B4E34}.Release|Any CPU.ActiveCfg = Release|Any CPU
		{148DD24D-C135-4554-8304-CC96074B4E34}.Release|Any CPU.Build.0 = Release|Any CPU
	EndGlobalSection
	GlobalSection(SolutionProperties) = preSolution
		HideSolutionNode = FALSE
	EndGlobalSection
	GlobalSection(ExtensibilityGlobals) = postSolution
		SolutionGuid = {96F16130-E6EC-4D94-8A7B-FFAE55FA8660}
	EndGlobalSection
EndGlobal
